<?xml version="1.0" encoding="UTF-8" standalone="yes" ?>
<CodeBlocks_project_file>
   <FileVersion major="1" minor="6" />
   <Project>
      <Option title="VolumeRenderer" />
      <Option makefile_is_custom="1" />
      <Option compiler="gcc" />
      <Option virtualFolders="CMake Files\;" />
      <Build>
      <Target title="all">
         <Option working_dir="/Users/kristofe/Documents/Projects/VolumeRenderer" />
         <Option type="4" />
         <MakeCommands>
            <Build command="/usr/bin/make -f &quot;/Users/kristofe/Documents/Projects/VolumeRenderer/Makefile&quot;  VERBOSE=1 all" />
            <CompileFile command="/usr/bin/make -f &quot;/Users/kristofe/Documents/Projects/VolumeRenderer/Makefile&quot;  VERBOSE=1 &quot;$file&quot;" />
            <Clean command="/usr/bin/make -f &quot;/Users/kristofe/Documents/Projects/VolumeRenderer/Makefile&quot;  VERBOSE=1 clean" />
            <DistClean command="/usr/bin/make -f &quot;/Users/kristofe/Documents/Projects/VolumeRenderer/Makefile&quot;  VERBOSE=1 clean" />
         </MakeCommands>
      </Target>
      <Target title="VolumeRenderer">
         <Option output="/Users/kristofe/Documents/Projects/VolumeRenderer/VolumeRenderer" prefix_auto="0" extension_auto="0" />
         <Option working_dir="/Users/kristofe/Documents/Projects/VolumeRenderer" />
         <Option object_output="./" />
         <Option type="1" />
         <Option compiler="gcc" />
         <Compiler>
            <Add option="-DTARGETMAC" />
            <Add option="-DGLEW_STATIC" />
            <Add directory="/Applications/Xcode.app/Contents/Developer/Platforms/MacOSX.platform/Developer/SDKs/MacOSX10.9.sdk/System/Library/Frameworks" />
            <Add directory="/Applications/Xcode.app/Contents/Developer/Platforms/MacOSX.platform/Developer/SDKs/MacOSX10.9.sdk/usr/include" />
            <Add directory="/Applications/Xcode.app/Contents/Developer/Toolchains/XcodeDefault.xctoolchain/usr/bin/../lib/c++/v1" />
            <Add directory="/Applications/Xcode.app/Contents/Developer/Toolchains/XcodeDefault.xctoolchain/usr/bin/../lib/clang/5.1/include" />
            <Add directory="/Applications/Xcode.app/Contents/Developer/Toolchains/XcodeDefault.xctoolchain/usr/include" />
            <Add directory="/Users/kristofe/Documents/Projects/VolumeRenderer/renderlib/glm" />
            <Add directory="/Users/kristofe/Documents/Projects/VolumeRenderer/renderlib/include" />
         </Compiler>
         <MakeCommands>
            <Build command="/usr/bin/make -f &quot;/Users/kristofe/Documents/Projects/VolumeRenderer/Makefile&quot;  VERBOSE=1 VolumeRenderer" />
            <CompileFile command="/usr/bin/make -f &quot;/Users/kristofe/Documents/Projects/VolumeRenderer/Makefile&quot;  VERBOSE=1 &quot;$file&quot;" />
            <Clean command="/usr/bin/make -f &quot;/Users/kristofe/Documents/Projects/VolumeRenderer/Makefile&quot;  VERBOSE=1 clean" />
            <DistClean command="/usr/bin/make -f &quot;/Users/kristofe/Documents/Projects/VolumeRenderer/Makefile&quot;  VERBOSE=1 clean" />
         </MakeCommands>
      </Target>
      <Target title="VolumeRenderer/fast">
         <Option output="/Users/kristofe/Documents/Projects/VolumeRenderer/VolumeRenderer" prefix_auto="0" extension_auto="0" />
         <Option working_dir="/Users/kristofe/Documents/Projects/VolumeRenderer" />
         <Option object_output="./" />
         <Option type="1" />
         <Option compiler="gcc" />
         <Compiler>
            <Add option="-DTARGETMAC" />
            <Add option="-DGLEW_STATIC" />
            <Add directory="/Applications/Xcode.app/Contents/Developer/Platforms/MacOSX.platform/Developer/SDKs/MacOSX10.9.sdk/System/Library/Frameworks" />
            <Add directory="/Applications/Xcode.app/Contents/Developer/Platforms/MacOSX.platform/Developer/SDKs/MacOSX10.9.sdk/usr/include" />
            <Add directory="/Applications/Xcode.app/Contents/Developer/Toolchains/XcodeDefault.xctoolchain/usr/bin/../lib/c++/v1" />
            <Add directory="/Applications/Xcode.app/Contents/Developer/Toolchains/XcodeDefault.xctoolchain/usr/bin/../lib/clang/5.1/include" />
            <Add directory="/Applications/Xcode.app/Contents/Developer/Toolchains/XcodeDefault.xctoolchain/usr/include" />
            <Add directory="/Users/kristofe/Documents/Projects/VolumeRenderer/renderlib/glm" />
            <Add directory="/Users/kristofe/Documents/Projects/VolumeRenderer/renderlib/include" />
         </Compiler>
         <MakeCommands>
            <Build command="/usr/bin/make -f &quot;/Users/kristofe/Documents/Projects/VolumeRenderer/Makefile&quot;  VERBOSE=1 VolumeRenderer/fast" />
            <CompileFile command="/usr/bin/make -f &quot;/Users/kristofe/Documents/Projects/VolumeRenderer/Makefile&quot;  VERBOSE=1 &quot;$file&quot;" />
            <Clean command="/usr/bin/make -f &quot;/Users/kristofe/Documents/Projects/VolumeRenderer/Makefile&quot;  VERBOSE=1 clean" />
            <DistClean command="/usr/bin/make -f &quot;/Users/kristofe/Documents/Projects/VolumeRenderer/Makefile&quot;  VERBOSE=1 clean" />
         </MakeCommands>
      </Target>
      <Target title="rebuild_cache">
         <Option working_dir="/Users/kristofe/Documents/Projects/VolumeRenderer" />
         <Option type="4" />
         <MakeCommands>
            <Build command="/usr/bin/make -f &quot;/Users/kristofe/Documents/Projects/VolumeRenderer/Makefile&quot;  VERBOSE=1 rebuild_cache" />
            <CompileFile command="/usr/bin/make -f &quot;/Users/kristofe/Documents/Projects/VolumeRenderer/Makefile&quot;  VERBOSE=1 &quot;$file&quot;" />
            <Clean command="/usr/bin/make -f &quot;/Users/kristofe/Documents/Projects/VolumeRenderer/Makefile&quot;  VERBOSE=1 clean" />
            <DistClean command="/usr/bin/make -f &quot;/Users/kristofe/Documents/Projects/VolumeRenderer/Makefile&quot;  VERBOSE=1 clean" />
         </MakeCommands>
      </Target>
      </Build>
      <Unit filename="/Users/kristofe/Documents/Projects/VolumeRenderer/main.cpp">
      </Unit>
      <Unit filename="/Users/kristofe/Documents/Projects/VolumeRenderer/renderlib/glprogram.cpp">
      </Unit>
      <Unit filename="/Users/kristofe/Documents/Projects/VolumeRenderer/renderlib/glutil_GL3Plus.cpp">
      </Unit>
      <Unit filename="/Users/kristofe/Documents/Projects/VolumeRenderer/renderlib/perlin.c">
      </Unit>
      <Unit filename="/Users/kristofe/Documents/Projects/VolumeRenderer/renderlib/shadersource.cpp">
      </Unit>
      <Unit filename="/Users/kristofe/Documents/Projects/VolumeRenderer/renderlib/trackball.cpp">
      </Unit>
      <Unit filename="/Users/kristofe/Documents/Projects/VolumeRenderer/renderlib/include/color.h">
      </Unit>
      <Unit filename="/Users/kristofe/Documents/Projects/VolumeRenderer/renderlib/include/glmesh.h">
      </Unit>
      <Unit filename="/Users/kristofe/Documents/Projects/VolumeRenderer/renderlib/include/glprogram.h">
      </Unit>
      <Unit filename="/Users/kristofe/Documents/Projects/VolumeRenderer/renderlib/include/glutil.h">
      </Unit>
      <Unit filename="/Users/kristofe/Documents/Projects/VolumeRenderer/renderlib/include/trackball.h">
      </Unit>
      <Unit filename="/Users/kristofe/Documents/Projects/VolumeRenderer/renderlib/include/utils.h">
      </Unit>
      <Unit filename="/Users/kristofe/Documents/Projects/VolumeRenderer/renderlib/include/vector2.h">
      </Unit>
      <Unit filename="/Users/kristofe/Documents/Projects/VolumeRenderer/renderlib/include/vector3.h">
      </Unit>
      <Unit filename="/Users/kristofe/Documents/Projects/VolumeRenderer/renderlib/include/vertex.h">
      </Unit>
      <Unit filename="/Users/kristofe/Documents/Projects/VolumeRenderer/renderlib/perlin.h">
      </Unit>
      <Unit filename="/Users/kristofe/Documents/Projects/VolumeRenderer/renderlib/shadersource.h">
      </Unit>
      <Unit filename="/Users/kristofe/Documents/Projects/VolumeRenderer/renderlib/vmath.hpp">
      </Unit>
      <Unit filename="/Users/kristofe/Documents/Projects/VolumeRenderer/shaders/SinglePassRayMarch.glsl">
      </Unit>
      <Unit filename="/Users/kristofe/Documents/Projects/VolumeRenderer/shaders/fragShader.glsl">
      </Unit>
      <Unit filename="/Users/kristofe/Documents/Projects/VolumeRenderer/shaders/vertShader.glsl">
      </Unit>
      <Unit filename="/Users/kristofe/Documents/Projects/VolumeRenderer/CMakeLists.txt">
          <Option virtualFolder="CMake Files\" />
      </Unit>
   </Project>
</CodeBlocks_project_file>
